
Microsoft Visual Studio Solution File, Format Version 12.00
# Visual Studio Version 17
VisualStudioVersion = 17.0.32126.317
MinimumVisualStudioVersion = 10.0.40219.1
Project("{888888A0-9F3D-457C-B088-3A5042F75D52}") = "CVtask2Python", "CVtask2Python\CVtask2Python.pyproj", "{392B39C7-4273-4F94-9B59-21337049A7CF}"
EndProject
Global
	GlobalSection(SolutionConfigurationPlatforms) = preSolution
		Debug|Any CPU = Debug|Any CPU
		Release|Any CPU = Release|Any CPU
	EndGlobalSection
	GlobalSection(ProjectConfigurationPlatforms) = postSolution
		{392B39C7-4273-4F94-9B59-21337049A7CF}.Debug|Any CPU.ActiveCfg = Debug|Any CPU
		{392B39C7-4273-4F94-9B59-21337049A7CF}.Release|Any CPU.ActiveCfg = Release|Any CPU
	EndGlobalSection
	GlobalSection(SolutionProperties) = preSolution
		HideSolutionNode = FALSE
	EndGlobalSection
	GlobalSection(ExtensibilityGlobals) = postSolution
		SolutionGuid = {78083904-72C9-40D6-9B5A-85206BD3392B}
	EndGlobalSection
EndGlobal
